
Microsoft Visual Studio Solution File, Format Version 12.00
# Visual Studio Version 17
VisualStudioVersion = 17.13.35919.96 d17.13
MinimumVisualStudioVersion = 10.0.40219.1
Project("{FAE04EC0-301F-11D3-BF4B-00C04F79EFBC}") = "ProductManagement", "ProductManagement\ProductManagement.csproj", "{BB42321D-DD66-46E9-BD26-2959B69684FC}"
EndProject
Global
	GlobalSection(SolutionConfigurationPlatforms) = preSolution
		Debug|Any CPU = Debug|Any CPU
		Release|Any CPU = Release|Any CPU
	EndGlobalSection
	GlobalSection(ProjectConfigurationPlatforms) = postSolution
		{BB42321D-DD66-46E9-BD26-2959B69684FC}.Debug|Any CPU.ActiveCfg = Debug|Any CPU
		{BB42321D-DD66-46E9-BD26-2959B69684FC}.Debug|Any CPU.Build.0 = Debug|Any CPU
		{BB42321D-DD66-46E9-BD26-2959B69684FC}.Release|Any CPU.ActiveCfg = Release|Any CPU
		{BB42321D-DD66-46E9-BD26-2959B69684FC}.Release|Any CPU.Build.0 = Release|Any CPU
	EndGlobalSection
	GlobalSection(SolutionProperties) = preSolution
		HideSolutionNode = FALSE
	EndGlobalSection
	GlobalSection(ExtensibilityGlobals) = postSolution
		SolutionGuid = {C32B204C-9587-4F4D-B6EB-5EEAA025F81D}
	EndGlobalSection
EndGlobal
